Microsoft Visual Studio Solution File, Format Version 12.00
# Visual Studio Version 17
VisualStudioVersion = 17.5.2.0
MinimumVisualStudioVersion = 10.0.40219.1
Project("{FAE04EC0-301F-11D3-BF4B-00C04F79EFBC}") = "DuyLongHaiNghia", "DuyLongHaiNghia.csproj", "{60096B36-0505-83DE-96BF-9C4998CB5AAD}"
EndProject
Global
	GlobalSection(SolutionConfigurationPlatforms) = preSolution
		Debug|Any CPU = Debug|Any CPU
		Release|Any CPU = Release|Any CPU
	EndGlobalSection
	GlobalSection(ProjectConfigurationPlatforms) = postSolution
		{60096B36-0505-83DE-96BF-9C4998CB5AAD}.Debug|Any CPU.ActiveCfg = Debug|Any CPU
		{60096B36-0505-83DE-96BF-9C4998CB5AAD}.Debug|Any CPU.Build.0 = Debug|Any CPU
		{60096B36-0505-83DE-96BF-9C4998CB5AAD}.Release|Any CPU.ActiveCfg = Release|Any CPU
		{60096B36-0505-83DE-96BF-9C4998CB5AAD}.Release|Any CPU.Build.0 = Release|Any CPU
	EndGlobalSection
	GlobalSection(SolutionProperties) = preSolution
		HideSolutionNode = FALSE
	EndGlobalSection
	GlobalSection(ExtensibilityGlobals) = postSolution
		SolutionGuid = {E6F4E397-5A91-4C4F-A58D-39366E84015B}
	EndGlobalSection
EndGlobal
